{
  "name": "needle-timemachine-jaxjs-forward",
  "lockfileVersion": 3,
  "requires": true,
  "packages": {
    "": {
      "name": "needle-timemachine-jaxjs-forward",
      "dependencies": {
        "@jax-js/jax": "^0.1.23"
      }
    },
    "node_modules/@jax-js/jax": {
      "version": "0.1.24",
      "resolved": "https://registry.npmmirror.com/@jax-js/jax/-/jax-0.1.24.tgz",
      "integrity": "sha512-zZXP614z2xCwRaYoK2Dqx1AR4V23MX4nmNKJ+M6Gk7xt6+ciH/Lc9S2c92rMnmVynVb9zZD2DDaK/Ck0qTnwPw==",
      "license": "MIT",
      "engines": {
        "pnpm": ">=10.0.0"
      }
    }
  }
}
